
Microsoft Visual Studio Solution File, Format Version 12.00
# Visual Studio Version 17
VisualStudioVersion = 17.5.002.0
MinimumVisualStudioVersion = 10.0.40219.1
Project("{9A19103F-16F7-4668-BE54-9A1E7A4F7556}") = "DisplayPlugin", "DisplayPlugin.csproj", "{A48838EA-EF37-444C-AFB2-909BEB01DFEB}"
EndProject
Project("{FAE04EC0-301F-11D3-BF4B-00C04F79EFBC}") = "WebFramework", "..\WebFramework\WebFramework.csproj", "{F29E30CB-2F83-4AA9-8AD9-9EE07B66D7BA}"
EndProject
Global
	GlobalSection(SolutionConfigurationPlatforms) = preSolution
		Debug|Any CPU = Debug|Any CPU
		Release|Any CPU = Release|Any CPU
	EndGlobalSection
	GlobalSection(ProjectConfigurationPlatforms) = postSolution
		{A48838EA-EF37-444C-AFB2-909BEB01DFEB}.Debug|Any CPU.ActiveCfg = Debug|Any CPU
		{A48838EA-EF37-444C-AFB2-909BEB01DFEB}.Debug|Any CPU.Build.0 = Debug|Any CPU
		{A48838EA-EF37-444C-AFB2-909BEB01DFEB}.Release|Any CPU.ActiveCfg = Release|Any CPU
		{A48838EA-EF37-444C-AFB2-909BEB01DFEB}.Release|Any CPU.Build.0 = Release|Any CPU
		{F29E30CB-2F83-4AA9-8AD9-9EE07B66D7BA}.Debug|Any CPU.ActiveCfg = Debug|Any CPU
		{F29E30CB-2F83-4AA9-8AD9-9EE07B66D7BA}.Debug|Any CPU.Build.0 = Debug|Any CPU
		{F29E30CB-2F83-4AA9-8AD9-9EE07B66D7BA}.Release|Any CPU.ActiveCfg = Release|Any CPU
		{F29E30CB-2F83-4AA9-8AD9-9EE07B66D7BA}.Release|Any CPU.Build.0 = Release|Any CPU
	EndGlobalSection
	GlobalSection(SolutionProperties) = preSolution
		HideSolutionNode = FALSE
	EndGlobalSection
	GlobalSection(ExtensibilityGlobals) = postSolution
		SolutionGuid = {C8820985-82EA-448D-8C04-270903C9BBE8}
	EndGlobalSection
EndGlobal
